
Microsoft Visual Studio Solution File, Format Version 12.00
# Visual Studio Version 16
VisualStudioVersion = 16.0.30011.22
MinimumVisualStudioVersion = 10.0.40219.1
Project("{9A19103F-16F7-4668-BE54-9A1E7A4F7556}") = "NumbersFrom1To100", "NumbersFrom1To100\NumbersFrom1To100.csproj", "{654416B6-099B-436D-8A80-00C2CBC957A1}"
EndProject
Project("{9A19103F-16F7-4668-BE54-9A1E7A4F7556}") = "NumbersNTo1", "NumbersNTo1\NumbersNTo1.csproj", "{9A3BE7A7-8D32-4A5E-B0FC-1697A196235D}"
EndProject
Project("{9A19103F-16F7-4668-BE54-9A1E7A4F7556}") = "Numbers1ToNWithStep3", "Numbers1ToNWithStep3\Numbers1ToNWithStep3.csproj", "{FA1B4BF6-D78B-4E63-9169-5C18DC558F50}"
EndProject
Project("{9A19103F-16F7-4668-BE54-9A1E7A4F7556}") = "EvenPowersOf2", "EvenPowersOf2\EvenPowersOf2.csproj", "{61383EC8-A0C7-4F95-95AA-99CD6C0AE057}"
EndProject
Project("{9A19103F-16F7-4668-BE54-9A1E7A4F7556}") = "CharacterSequence", "CharacterSequence\CharacterSequence.csproj", "{76FFE66D-124D-42B4-ACBB-7BBAE86C797E}"
EndProject
Project("{9A19103F-16F7-4668-BE54-9A1E7A4F7556}") = "VowelsSum", "VowelsSum\VowelsSum.csproj", "{E3FE303A-D5A8-4104-B507-4146278E064E}"
EndProject
Project("{9A19103F-16F7-4668-BE54-9A1E7A4F7556}") = "SumNumbers", "SumNumbers\SumNumbers.csproj", "{E1024CE8-E2FD-47D1-92FA-4B373D95DC17}"
EndProject
Project("{9A19103F-16F7-4668-BE54-9A1E7A4F7556}") = "NumberSequence", "NumberSequence\NumberSequence.csproj", "{9BE53A93-A802-42A9-A7BC-F1185DE59845}"
EndProject
Project("{9A19103F-16F7-4668-BE54-9A1E7A4F7556}") = "LeftandRightSum", "LeftandRightSum\LeftandRightSum.csproj", "{8BF31C36-AAF2-40A7-B6C3-9874C1D1205D}"
EndProject
Project("{9A19103F-16F7-4668-BE54-9A1E7A4F7556}") = "OddEvenSum", "OddEvenSum\OddEvenSum.csproj", "{A715F109-A5F4-4EF8-A27C-B423ACBCA36B}"
EndProject
Project("{9A19103F-16F7-4668-BE54-9A1E7A4F7556}") = "CleverLily", "CleverLily\CleverLily.csproj", "{ABA575ED-16D9-4A27-BC81-8605E472441B}"
EndProject
Project("{9A19103F-16F7-4668-BE54-9A1E7A4F7556}") = "NumbersEndingIn7", "NumbersEndingIn7\NumbersEndingIn7.csproj", "{EA454BB4-56D7-40F5-9F4F-2E81C87A8A28}"
EndProject
Project("{9A19103F-16F7-4668-BE54-9A1E7A4F7556}") = "HalfSumElement", "HalfSumElement\HalfSumElement.csproj", "{863048B0-1DF7-4C4E-A0FE-A05BC1BB43D8}"
EndProject
Project("{9A19103F-16F7-4668-BE54-9A1E7A4F7556}") = "OddEvenPosition", "OddEvenPosition\OddEvenPosition.csproj", "{0406896E-9B2D-4948-AA56-690CB3D7ED65}"
EndProject
Project("{9A19103F-16F7-4668-BE54-9A1E7A4F7556}") = "Histogram", "Histogram\Histogram.csproj", "{82DD4A36-9E1B-4625-99C4-3BCFAA6E325E}"
EndProject
Project("{9A19103F-16F7-4668-BE54-9A1E7A4F7556}") = "DivideWithoutRemainder", "DivideWithoutRemainder\DivideWithoutRemainder.csproj", "{5945EF3E-FED5-4C33-A589-F92AF39D6A13}"
EndProject
Project("{9A19103F-16F7-4668-BE54-9A1E7A4F7556}") = "Salary", "Salary\Salary.csproj", "{73EF2C22-5162-4FAD-85BA-610F75473C4C}"
EndProject
Project("{9A19103F-16F7-4668-BE54-9A1E7A4F7556}") = "ReadText", "ReadText\ReadText.csproj", "{26495060-81D1-42E1-98FF-0D3626974512}"
EndProject
Project("{9A19103F-16F7-4668-BE54-9A1E7A4F7556}") = "Password", "Password\Password.csproj", "{8378F1B4-4CB4-4A60-8552-820134B42FEB}"
EndProject
Project("{9A19103F-16F7-4668-BE54-9A1E7A4F7556}") = "SumNumbersWhile", "SumNumbersWhile\SumNumbersWhile.csproj", "{2842261D-13DA-410B-9214-D894ADBB86F4}"
EndProject
Project("{9A19103F-16F7-4668-BE54-9A1E7A4F7556}") = "Sequence2k+1", "Sequence2k+1\Sequence2k+1.csproj", "{968EB1DD-046D-4653-9148-F4C1A81B9CC6}"
EndProject
Project("{9A19103F-16F7-4668-BE54-9A1E7A4F7556}") = "Moving", "Moving\Moving.csproj", "{F8978C9D-7D21-4372-A172-0CBADC372DAE}"
EndProject
Project("{9A19103F-16F7-4668-BE54-9A1E7A4F7556}") = "AccountBalance", "AccountBalance\AccountBalance.csproj", "{ABACDB21-D364-4C84-8E83-5234BA40FB24}"
EndProject
Project("{9A19103F-16F7-4668-BE54-9A1E7A4F7556}") = "MaxNumber", "MaxNumber\MaxNumber.csproj", "{9F51C394-CDFC-4D48-81DD-A535E4B8B61D}"
EndProject
Project("{9A19103F-16F7-4668-BE54-9A1E7A4F7556}") = "MinNumber", "MinNumber\MinNumber.csproj", "{DEBC58FF-D37E-422E-AC32-FCFF5306FC03}"
EndProject
Project("{9A19103F-16F7-4668-BE54-9A1E7A4F7556}") = "Graduation", "Graduation\Graduation.csproj", "{27ADB3CB-74BB-40CB-9899-457FC5CBE125}"
EndProject
Project("{9A19103F-16F7-4668-BE54-9A1E7A4F7556}") = "GraduationPart2", "GraduationPart2\GraduationPart2.csproj", "{C4E2A9A0-AACA-4441-9C26-D624B16EAA11}"
EndProject
Project("{9A19103F-16F7-4668-BE54-9A1E7A4F7556}") = "OldBooks", "OldBooks\OldBooks.csproj", "{0F2E8E61-56FF-4C83-821F-792C887A27FE}"
EndProject
Project("{9A19103F-16F7-4668-BE54-9A1E7A4F7556}") = "ExamPreparation", "ExamPreparation\ExamPreparation.csproj", "{3614B764-C911-4AC6-A11E-40B00FE98625}"
EndProject
Project("{9A19103F-16F7-4668-BE54-9A1E7A4F7556}") = "Vacation", "Vacation\Vacation.csproj", "{CAE9E4DC-53FE-4A8D-A60E-A79D146D38C7}"
EndProject
Project("{9A19103F-16F7-4668-BE54-9A1E7A4F7556}") = "Walking", "Walking\Walking.csproj", "{ABF8685A-AE41-4976-A5AB-440D37B6CB60}"
EndProject
Project("{9A19103F-16F7-4668-BE54-9A1E7A4F7556}") = "Cake", "Cake\Cake.csproj", "{A84878D8-ADE4-45A3-B2D3-661166C0FA69}"
EndProject
Project("{FAE04EC0-301F-11D3-BF4B-00C04F79EFBC}") = "Coins", "Coins\Coins.csproj", "{88BF515A-1758-468D-A85B-E74D81588D9E}"
EndProject
Global
	GlobalSection(SolutionConfigurationPlatforms) = preSolution
		Debug|Any CPU = Debug|Any CPU
		Release|Any CPU = Release|Any CPU
	EndGlobalSection
	GlobalSection(ProjectConfigurationPlatforms) = postSolution
		{654416B6-099B-436D-8A80-00C2CBC957A1}.Debug|Any CPU.ActiveCfg = Debug|Any CPU
		{654416B6-099B-436D-8A80-00C2CBC957A1}.Debug|Any CPU.Build.0 = Debug|Any CPU
		{654416B6-099B-436D-8A80-00C2CBC957A1}.Release|Any CPU.ActiveCfg = Release|Any CPU
		{654416B6-099B-436D-8A80-00C2CBC957A1}.Release|Any CPU.Build.0 = Release|Any CPU
		{9A3BE7A7-8D32-4A5E-B0FC-1697A196235D}.Debug|Any CPU.ActiveCfg = Debug|Any CPU
		{9A3BE7A7-8D32-4A5E-B0FC-1697A196235D}.Debug|Any CPU.Build.0 = Debug|Any CPU
		{9A3BE7A7-8D32-4A5E-B0FC-1697A196235D}.Release|Any CPU.ActiveCfg = Release|Any CPU
		{9A3BE7A7-8D32-4A5E-B0FC-1697A196235D}.Release|Any CPU.Build.0 = Release|Any CPU
		{FA1B4BF6-D78B-4E63-9169-5C18DC558F50}.Debug|Any CPU.ActiveCfg = Debug|Any CPU
		{FA1B4BF6-D78B-4E63-9169-5C18DC558F50}.Debug|Any CPU.Build.0 = Debug|Any CPU
		{FA1B4BF6-D78B-4E63-9169-5C18DC558F50}.Release|Any CPU.ActiveCfg = Release|Any CPU
		{FA1B4BF6-D78B-4E63-9169-5C18DC558F50}.Release|Any CPU.Build.0 = Release|Any CPU
		{61383EC8-A0C7-4F95-95AA-99CD6C0AE057}.Debug|Any CPU.ActiveCfg = Debug|Any CPU
		{61383EC8-A0C7-4F95-95AA-99CD6C0AE057}.Debug|Any CPU.Build.0 = Debug|Any CPU
		{61383EC8-A0C7-4F95-95AA-99CD6C0AE057}.Release|Any CPU.ActiveCfg = Release|Any CPU
		{61383EC8-A0C7-4F95-95AA-99CD6C0AE057}.Release|Any CPU.Build.0 = Release|Any CPU
		{76FFE66D-124D-42B4-ACBB-7BBAE86C797E}.Debug|Any CPU.ActiveCfg = Debug|Any CPU
		{76FFE66D-124D-42B4-ACBB-7BBAE86C797E}.Debug|Any CPU.Build.0 = Debug|Any CPU
		{76FFE66D-124D-42B4-ACBB-7BBAE86C797E}.Release|Any CPU.ActiveCfg = Release|Any CPU
		{76FFE66D-124D-42B4-ACBB-7BBAE86C797E}.Release|Any CPU.Build.0 = Release|Any CPU
		{E3FE303A-D5A8-4104-B507-4146278E064E}.Debug|Any CPU.ActiveCfg = Debug|Any CPU
		{E3FE303A-D5A8-4104-B507-4146278E064E}.Debug|Any CPU.Build.0 = Debug|Any CPU
		{E3FE303A-D5A8-4104-B507-4146278E064E}.Release|Any CPU.ActiveCfg = Release|Any CPU
		{E3FE303A-D5A8-4104-B507-4146278E064E}.Release|Any CPU.Build.0 = Release|Any CPU
		{E1024CE8-E2FD-47D1-92FA-4B373D95DC17}.Debug|Any CPU.ActiveCfg = Debug|Any CPU
		{E1024CE8-E2FD-47D1-92FA-4B373D95DC17}.Debug|Any CPU.Build.0 = Debug|Any CPU
		{E1024CE8-E2FD-47D1-92FA-4B373D95DC17}.Release|Any CPU.ActiveCfg = Release|Any CPU
		{E1024CE8-E2FD-47D1-92FA-4B373D95DC17}.Release|Any CPU.Build.0 = Release|Any CPU
		{9BE53A93-A802-42A9-A7BC-F1185DE59845}.Debug|Any CPU.ActiveCfg = Debug|Any CPU
		{9BE53A93-A802-42A9-A7BC-F1185DE59845}.Debug|Any CPU.Build.0 = Debug|Any CPU
		{9BE53A93-A802-42A9-A7BC-F1185DE59845}.Release|Any CPU.ActiveCfg = Release|Any CPU
		{9BE53A93-A802-42A9-A7BC-F1185DE59845}.Release|Any CPU.Build.0 = Release|Any CPU
		{8BF31C36-AAF2-40A7-B6C3-9874C1D1205D}.Debug|Any CPU.ActiveCfg = Debug|Any CPU
		{8BF31C36-AAF2-40A7-B6C3-9874C1D1205D}.Debug|Any CPU.Build.0 = Debug|Any CPU
		{8BF31C36-AAF2-40A7-B6C3-9874C1D1205D}.Release|Any CPU.ActiveCfg = Release|Any CPU
		{8BF31C36-AAF2-40A7-B6C3-9874C1D1205D}.Release|Any CPU.Build.0 = Release|Any CPU
		{A715F109-A5F4-4EF8-A27C-B423ACBCA36B}.Debug|Any CPU.ActiveCfg = Debug|Any CPU
		{A715F109-A5F4-4EF8-A27C-B423ACBCA36B}.Debug|Any CPU.Build.0 = Debug|Any CPU
		{A715F109-A5F4-4EF8-A27C-B423ACBCA36B}.Release|Any CPU.ActiveCfg = Release|Any CPU
		{A715F109-A5F4-4EF8-A27C-B423ACBCA36B}.Release|Any CPU.Build.0 = Release|Any CPU
		{ABA575ED-16D9-4A27-BC81-8605E472441B}.Debug|Any CPU.ActiveCfg = Debug|Any CPU
		{ABA575ED-16D9-4A27-BC81-8605E472441B}.Debug|Any CPU.Build.0 = Debug|Any CPU
		{ABA575ED-16D9-4A27-BC81-8605E472441B}.Release|Any CPU.ActiveCfg = Release|Any CPU
		{ABA575ED-16D9-4A27-BC81-8605E472441B}.Release|Any CPU.Build.0 = Release|Any CPU
		{EA454BB4-56D7-40F5-9F4F-2E81C87A8A28}.Debug|Any CPU.ActiveCfg = Debug|Any CPU
		{EA454BB4-56D7-40F5-9F4F-2E81C87A8A28}.Debug|Any CPU.Build.0 = Debug|Any CPU
		{EA454BB4-56D7-40F5-9F4F-2E81C87A8A28}.Release|Any CPU.ActiveCfg = Release|Any CPU
		{EA454BB4-56D7-40F5-9F4F-2E81C87A8A28}.Release|Any CPU.Build.0 = Release|Any CPU
		{863048B0-1DF7-4C4E-A0FE-A05BC1BB43D8}.Debug|Any CPU.ActiveCfg = Debug|Any CPU
		{863048B0-1DF7-4C4E-A0FE-A05BC1BB43D8}.Debug|Any CPU.Build.0 = Debug|Any CPU
		{863048B0-1DF7-4C4E-A0FE-A05BC1BB43D8}.Release|Any CPU.ActiveCfg = Release|Any CPU
		{863048B0-1DF7-4C4E-A0FE-A05BC1BB43D8}.Release|Any CPU.Build.0 = Release|Any CPU
		{0406896E-9B2D-4948-AA56-690CB3D7ED65}.Debug|Any CPU.ActiveCfg = Debug|Any CPU
		{0406896E-9B2D-4948-AA56-690CB3D7ED65}.Debug|Any CPU.Build.0 = Debug|Any CPU
		{0406896E-9B2D-4948-AA56-690CB3D7ED65}.Release|Any CPU.ActiveCfg = Release|Any CPU
		{0406896E-9B2D-4948-AA56-690CB3D7ED65}.Release|Any CPU.Build.0 = Release|Any CPU
		{82DD4A36-9E1B-4625-99C4-3BCFAA6E325E}.Debug|Any CPU.ActiveCfg = Debug|Any CPU
		{82DD4A36-9E1B-4625-99C4-3BCFAA6E325E}.Debug|Any CPU.Build.0 = Debug|Any CPU
		{82DD4A36-9E1B-4625-99C4-3BCFAA6E325E}.Release|Any CPU.ActiveCfg = Release|Any CPU
		{82DD4A36-9E1B-4625-99C4-3BCFAA6E325E}.Release|Any CPU.Build.0 = Release|Any CPU
		{5945EF3E-FED5-4C33-A589-F92AF39D6A13}.Debug|Any CPU.ActiveCfg = Debug|Any CPU
		{5945EF3E-FED5-4C33-A589-F92AF39D6A13}.Debug|Any CPU.Build.0 = Debug|Any CPU
		{5945EF3E-FED5-4C33-A589-F92AF39D6A13}.Release|Any CPU.ActiveCfg = Release|Any CPU
		{5945EF3E-FED5-4C33-A589-F92AF39D6A13}.Release|Any CPU.Build.0 = Release|Any CPU
		{73EF2C22-5162-4FAD-85BA-610F75473C4C}.Debug|Any CPU.ActiveCfg = Debug|Any CPU
		{73EF2C22-5162-4FAD-85BA-610F75473C4C}.Debug|Any CPU.Build.0 = Debug|Any CPU
		{73EF2C22-5162-4FAD-85BA-610F75473C4C}.Release|Any CPU.ActiveCfg = Release|Any CPU
		{73EF2C22-5162-4FAD-85BA-610F75473C4C}.Release|Any CPU.Build.0 = Release|Any CPU
		{26495060-81D1-42E1-98FF-0D3626974512}.Debug|Any CPU.ActiveCfg = Debug|Any CPU
		{26495060-81D1-42E1-98FF-0D3626974512}.Debug|Any CPU.Build.0 = Debug|Any CPU
		{26495060-81D1-42E1-98FF-0D3626974512}.Release|Any CPU.ActiveCfg = Release|Any CPU
		{26495060-81D1-42E1-98FF-0D3626974512}.Release|Any CPU.Build.0 = Release|Any CPU
		{8378F1B4-4CB4-4A60-8552-820134B42FEB}.Debug|Any CPU.ActiveCfg = Debug|Any CPU
		{8378F1B4-4CB4-4A60-8552-820134B42FEB}.Debug|Any CPU.Build.0 = Debug|Any CPU
		{8378F1B4-4CB4-4A60-8552-820134B42FEB}.Release|Any CPU.ActiveCfg = Release|Any CPU
		{8378F1B4-4CB4-4A60-8552-820134B42FEB}.Release|Any CPU.Build.0 = Release|Any CPU
		{2842261D-13DA-410B-9214-D894ADBB86F4}.Debug|Any CPU.ActiveCfg = Debug|Any CPU
		{2842261D-13DA-410B-9214-D894ADBB86F4}.Debug|Any CPU.Build.0 = Debug|Any CPU
		{2842261D-13DA-410B-9214-D894ADBB86F4}.Release|Any CPU.ActiveCfg = Release|Any CPU
		{2842261D-13DA-410B-9214-D894ADBB86F4}.Release|Any CPU.Build.0 = Release|Any CPU
		{968EB1DD-046D-4653-9148-F4C1A81B9CC6}.Debug|Any CPU.ActiveCfg = Debug|Any CPU
		{968EB1DD-046D-4653-9148-F4C1A81B9CC6}.Debug|Any CPU.Build.0 = Debug|Any CPU
		{968EB1DD-046D-4653-9148-F4C1A81B9CC6}.Release|Any CPU.ActiveCfg = Release|Any CPU
		{968EB1DD-046D-4653-9148-F4C1A81B9CC6}.Release|Any CPU.Build.0 = Release|Any CPU
		{F8978C9D-7D21-4372-A172-0CBADC372DAE}.Debug|Any CPU.ActiveCfg = Debug|Any CPU
		{F8978C9D-7D21-4372-A172-0CBADC372DAE}.Debug|Any CPU.Build.0 = Debug|Any CPU
		{F8978C9D-7D21-4372-A172-0CBADC372DAE}.Release|Any CPU.ActiveCfg = Release|Any CPU
		{F8978C9D-7D21-4372-A172-0CBADC372DAE}.Release|Any CPU.Build.0 = Release|Any CPU
		{ABACDB21-D364-4C84-8E83-5234BA40FB24}.Debug|Any CPU.ActiveCfg = Debug|Any CPU
		{ABACDB21-D364-4C84-8E83-5234BA40FB24}.Debug|Any CPU.Build.0 = Debug|Any CPU
		{ABACDB21-D364-4C84-8E83-5234BA40FB24}.Release|Any CPU.ActiveCfg = Release|Any CPU
		{ABACDB21-D364-4C84-8E83-5234BA40FB24}.Release|Any CPU.Build.0 = Release|Any CPU
		{9F51C394-CDFC-4D48-81DD-A535E4B8B61D}.Debug|Any CPU.ActiveCfg = Debug|Any CPU
		{9F51C394-CDFC-4D48-81DD-A535E4B8B61D}.Debug|Any CPU.Build.0 = Debug|Any CPU
		{9F51C394-CDFC-4D48-81DD-A535E4B8B61D}.Release|Any CPU.ActiveCfg = Release|Any CPU
		{9F51C394-CDFC-4D48-81DD-A535E4B8B61D}.Release|Any CPU.Build.0 = Release|Any CPU
		{DEBC58FF-D37E-422E-AC32-FCFF5306FC03}.Debug|Any CPU.ActiveCfg = Debug|Any CPU
		{DEBC58FF-D37E-422E-AC32-FCFF5306FC03}.Debug|Any CPU.Build.0 = Debug|Any CPU
		{DEBC58FF-D37E-422E-AC32-FCFF5306FC03}.Release|Any CPU.ActiveCfg = Release|Any CPU
		{DEBC58FF-D37E-422E-AC32-FCFF5306FC03}.Release|Any CPU.Build.0 = Release|Any CPU
		{27ADB3CB-74BB-40CB-9899-457FC5CBE125}.Debug|Any CPU.ActiveCfg = Debug|Any CPU
		{27ADB3CB-74BB-40CB-9899-457FC5CBE125}.Debug|Any CPU.Build.0 = Debug|Any CPU
		{27ADB3CB-74BB-40CB-9899-457FC5CBE125}.Release|Any CPU.ActiveCfg = Release|Any CPU
		{27ADB3CB-74BB-40CB-9899-457FC5CBE125}.Release|Any CPU.Build.0 = Release|Any CPU
		{C4E2A9A0-AACA-4441-9C26-D624B16EAA11}.Debug|Any CPU.ActiveCfg = Debug|Any CPU
		{C4E2A9A0-AACA-4441-9C26-D624B16EAA11}.Debug|Any CPU.Build.0 = Debug|Any CPU
		{C4E2A9A0-AACA-4441-9C26-D624B16EAA11}.Release|Any CPU.ActiveCfg = Release|Any CPU
		{C4E2A9A0-AACA-4441-9C26-D624B16EAA11}.Release|Any CPU.Build.0 = Release|Any CPU
		{0F2E8E61-56FF-4C83-821F-792C887A27FE}.Debug|Any CPU.ActiveCfg = Debug|Any CPU
		{0F2E8E61-56FF-4C83-821F-792C887A27FE}.Debug|Any CPU.Build.0 = Debug|Any CPU
		{0F2E8E61-56FF-4C83-821F-792C887A27FE}.Release|Any CPU.ActiveCfg = Release|Any CPU
		{0F2E8E61-56FF-4C83-821F-792C887A27FE}.Release|Any CPU.Build.0 = Release|Any CPU
		{3614B764-C911-4AC6-A11E-40B00FE98625}.Debug|Any CPU.ActiveCfg = Debug|Any CPU
		{3614B764-C911-4AC6-A11E-40B00FE98625}.Debug|Any CPU.Build.0 = Debug|Any CPU
		{3614B764-C911-4AC6-A11E-40B00FE98625}.Release|Any CPU.ActiveCfg = Release|Any CPU
		{3614B764-C911-4AC6-A11E-40B00FE98625}.Release|Any CPU.Build.0 = Release|Any CPU
		{CAE9E4DC-53FE-4A8D-A60E-A79D146D38C7}.Debug|Any CPU.ActiveCfg = Debug|Any CPU
		{CAE9E4DC-53FE-4A8D-A60E-A79D146D38C7}.Debug|Any CPU.Build.0 = Debug|Any CPU
		{CAE9E4DC-53FE-4A8D-A60E-A79D146D38C7}.Release|Any CPU.ActiveCfg = Release|Any CPU
		{CAE9E4DC-53FE-4A8D-A60E-A79D146D38C7}.Release|Any CPU.Build.0 = Release|Any CPU
		{ABF8685A-AE41-4976-A5AB-440D37B6CB60}.Debug|Any CPU.ActiveCfg = Debug|Any CPU
		{ABF8685A-AE41-4976-A5AB-440D37B6CB60}.Debug|Any CPU.Build.0 = Debug|Any CPU
		{ABF8685A-AE41-4976-A5AB-440D37B6CB60}.Release|Any CPU.ActiveCfg = Release|Any CPU
		{ABF8685A-AE41-4976-A5AB-440D37B6CB60}.Release|Any CPU.Build.0 = Release|Any CPU
		{A84878D8-ADE4-45A3-B2D3-661166C0FA69}.Debug|Any CPU.ActiveCfg = Debug|Any CPU
		{A84878D8-ADE4-45A3-B2D3-661166C0FA69}.Debug|Any CPU.Build.0 = Debug|Any CPU
		{A84878D8-ADE4-45A3-B2D3-661166C0FA69}.Release|Any CPU.ActiveCfg = Release|Any CPU
		{A84878D8-ADE4-45A3-B2D3-661166C0FA69}.Release|Any CPU.Build.0 = Release|Any CPU
		{88BF515A-1758-468D-A85B-E74D81588D9E}.Debug|Any CPU.ActiveCfg = Debug|Any CPU
		{88BF515A-1758-468D-A85B-E74D81588D9E}.Debug|Any CPU.Build.0 = Debug|Any CPU
		{88BF515A-1758-468D-A85B-E74D81588D9E}.Release|Any CPU.ActiveCfg = Release|Any CPU
		{88BF515A-1758-468D-A85B-E74D81588D9E}.Release|Any CPU.Build.0 = Release|Any CPU
	EndGlobalSection
	GlobalSection(SolutionProperties) = preSolution
		HideSolutionNode = FALSE
	EndGlobalSection
	GlobalSection(ExtensibilityGlobals) = postSolution
		SolutionGuid = {0F593C90-26A8-474B-A8FA-ADE800FE05F8}
	EndGlobalSection
EndGlobal
