
Microsoft Visual Studio Solution File, Format Version 12.00
# Visual Studio Version 16
VisualStudioVersion = 16.0.30907.101
MinimumVisualStudioVersion = 10.0.40219.1
Project("{2150E333-8FDC-42A3-9474-1A3956D46DE8}") = "I.FileOperations", "I.FileOperations", "{436426E2-1633-4845-AE35-A3A829A8C648}"
EndProject
Project("{2150E333-8FDC-42A3-9474-1A3956D46DE8}") = "I.Lab", "I.Lab", "{17C82726-B5E8-417F-9AEE-B52D8A76B138}"
EndProject
Project("{9A19103F-16F7-4668-BE54-9A1E7A4F7556}") = "1.OddLines", "1.OddLines\1.OddLines.csproj", "{7FC6D489-A04E-449F-944D-D38991E3B1CE}"
EndProject
Project("{9A19103F-16F7-4668-BE54-9A1E7A4F7556}") = "2.LineNumbers", "2.Line Numbers\2.LineNumbers.csproj", "{D8437D28-4B80-4F10-B931-7F74A10289AC}"
EndProject
Project("{9A19103F-16F7-4668-BE54-9A1E7A4F7556}") = "3.WordCount", "3.WordCount\3.WordCount.csproj", "{51D0CD26-CB0E-4A8B-968F-800A22D20E8F}"
EndProject
Project("{9A19103F-16F7-4668-BE54-9A1E7A4F7556}") = "4.MergeFiles", "4.MergeFiles\4.MergeFiles.csproj", "{7E671EDC-0492-4D14-BD75-2CC77E0DE45F}"
EndProject
Project("{9A19103F-16F7-4668-BE54-9A1E7A4F7556}") = "5.SliceAFile", "5.SliceAFile\5.SliceAFile.csproj", "{67CB4E4A-8C2B-491B-A65B-D3DB664730D4}"
EndProject
Project("{2150E333-8FDC-42A3-9474-1A3956D46DE8}") = "II.DirectoryOperations", "II.DirectoryOperations", "{083CE8A1-87F2-4DD2-9136-C12B4545A75E}"
EndProject
Project("{9A19103F-16F7-4668-BE54-9A1E7A4F7556}") = "6.FolderSize", "6.FolderSize\6.FolderSize.csproj", "{685CD961-AF8F-4574-A182-A9AA94D22DF9}"
EndProject
Project("{2150E333-8FDC-42A3-9474-1A3956D46DE8}") = "II.Exercise", "II.Exercise", "{BB78F647-F6C7-4DA9-B208-49620B5F9622}"
EndProject
Project("{9A19103F-16F7-4668-BE54-9A1E7A4F7556}") = "EvenLines", "EvenLines\EvenLines.csproj", "{649C8AD8-4F08-4821-BF04-80D54FD41D4A}"
EndProject
Project("{9A19103F-16F7-4668-BE54-9A1E7A4F7556}") = "LineNumbers", "LineNumbers\LineNumbers.csproj", "{ED477CFC-ACDA-46C8-A8CC-8A4AA1DA1CE8}"
EndProject
Project("{9A19103F-16F7-4668-BE54-9A1E7A4F7556}") = "WordCount", "WordCount\WordCount.csproj", "{84358DF5-106C-4792-91BF-C0402D19D7E1}"
EndProject
Project("{9A19103F-16F7-4668-BE54-9A1E7A4F7556}") = "CopyBinaryFile", "CopyBinaryFile\CopyBinaryFile.csproj", "{769D22DC-1B45-4058-86CC-0E618E5569D2}"
EndProject
Project("{9A19103F-16F7-4668-BE54-9A1E7A4F7556}") = "DirectoryTraversal", "DirectoryTraversal\DirectoryTraversal.csproj", "{035191B1-C284-4DA4-8B2D-67F1A39B9061}"
EndProject
Project("{9A19103F-16F7-4668-BE54-9A1E7A4F7556}") = "ZipAndExtract", "ZipAndExtract\ZipAndExtract.csproj", "{4F06B249-2CA2-4ACA-90DA-59A7B0CB6E44}"
EndProject
Project("{FAE04EC0-301F-11D3-BF4B-00C04F79EFBC}") = "FindEvensOrOdds", "FindEvensOrOdds\FindEvensOrOdds.csproj", "{5607BC07-BC70-44EE-8EC5-E1684C2F32AA}"
EndProject
Global
	GlobalSection(SolutionConfigurationPlatforms) = preSolution
		Debug|Any CPU = Debug|Any CPU
		Release|Any CPU = Release|Any CPU
	EndGlobalSection
	GlobalSection(ProjectConfigurationPlatforms) = postSolution
		{7FC6D489-A04E-449F-944D-D38991E3B1CE}.Debug|Any CPU.ActiveCfg = Debug|Any CPU
		{7FC6D489-A04E-449F-944D-D38991E3B1CE}.Debug|Any CPU.Build.0 = Debug|Any CPU
		{7FC6D489-A04E-449F-944D-D38991E3B1CE}.Release|Any CPU.ActiveCfg = Release|Any CPU
		{7FC6D489-A04E-449F-944D-D38991E3B1CE}.Release|Any CPU.Build.0 = Release|Any CPU
		{D8437D28-4B80-4F10-B931-7F74A10289AC}.Debug|Any CPU.ActiveCfg = Debug|Any CPU
		{D8437D28-4B80-4F10-B931-7F74A10289AC}.Debug|Any CPU.Build.0 = Debug|Any CPU
		{D8437D28-4B80-4F10-B931-7F74A10289AC}.Release|Any CPU.ActiveCfg = Release|Any CPU
		{D8437D28-4B80-4F10-B931-7F74A10289AC}.Release|Any CPU.Build.0 = Release|Any CPU
		{51D0CD26-CB0E-4A8B-968F-800A22D20E8F}.Debug|Any CPU.ActiveCfg = Debug|Any CPU
		{51D0CD26-CB0E-4A8B-968F-800A22D20E8F}.Debug|Any CPU.Build.0 = Debug|Any CPU
		{51D0CD26-CB0E-4A8B-968F-800A22D20E8F}.Release|Any CPU.ActiveCfg = Release|Any CPU
		{51D0CD26-CB0E-4A8B-968F-800A22D20E8F}.Release|Any CPU.Build.0 = Release|Any CPU
		{7E671EDC-0492-4D14-BD75-2CC77E0DE45F}.Debug|Any CPU.ActiveCfg = Debug|Any CPU
		{7E671EDC-0492-4D14-BD75-2CC77E0DE45F}.Debug|Any CPU.Build.0 = Debug|Any CPU
		{7E671EDC-0492-4D14-BD75-2CC77E0DE45F}.Release|Any CPU.ActiveCfg = Release|Any CPU
		{7E671EDC-0492-4D14-BD75-2CC77E0DE45F}.Release|Any CPU.Build.0 = Release|Any CPU
		{67CB4E4A-8C2B-491B-A65B-D3DB664730D4}.Debug|Any CPU.ActiveCfg = Debug|Any CPU
		{67CB4E4A-8C2B-491B-A65B-D3DB664730D4}.Debug|Any CPU.Build.0 = Debug|Any CPU
		{67CB4E4A-8C2B-491B-A65B-D3DB664730D4}.Release|Any CPU.ActiveCfg = Release|Any CPU
		{67CB4E4A-8C2B-491B-A65B-D3DB664730D4}.Release|Any CPU.Build.0 = Release|Any CPU
		{685CD961-AF8F-4574-A182-A9AA94D22DF9}.Debug|Any CPU.ActiveCfg = Debug|Any CPU
		{685CD961-AF8F-4574-A182-A9AA94D22DF9}.Debug|Any CPU.Build.0 = Debug|Any CPU
		{685CD961-AF8F-4574-A182-A9AA94D22DF9}.Release|Any CPU.ActiveCfg = Release|Any CPU
		{685CD961-AF8F-4574-A182-A9AA94D22DF9}.Release|Any CPU.Build.0 = Release|Any CPU
		{649C8AD8-4F08-4821-BF04-80D54FD41D4A}.Debug|Any CPU.ActiveCfg = Debug|Any CPU
		{649C8AD8-4F08-4821-BF04-80D54FD41D4A}.Debug|Any CPU.Build.0 = Debug|Any CPU
		{649C8AD8-4F08-4821-BF04-80D54FD41D4A}.Release|Any CPU.ActiveCfg = Release|Any CPU
		{649C8AD8-4F08-4821-BF04-80D54FD41D4A}.Release|Any CPU.Build.0 = Release|Any CPU
		{ED477CFC-ACDA-46C8-A8CC-8A4AA1DA1CE8}.Debug|Any CPU.ActiveCfg = Debug|Any CPU
		{ED477CFC-ACDA-46C8-A8CC-8A4AA1DA1CE8}.Debug|Any CPU.Build.0 = Debug|Any CPU
		{ED477CFC-ACDA-46C8-A8CC-8A4AA1DA1CE8}.Release|Any CPU.ActiveCfg = Release|Any CPU
		{ED477CFC-ACDA-46C8-A8CC-8A4AA1DA1CE8}.Release|Any CPU.Build.0 = Release|Any CPU
		{84358DF5-106C-4792-91BF-C0402D19D7E1}.Debug|Any CPU.ActiveCfg = Debug|Any CPU
		{84358DF5-106C-4792-91BF-C0402D19D7E1}.Debug|Any CPU.Build.0 = Debug|Any CPU
		{84358DF5-106C-4792-91BF-C0402D19D7E1}.Release|Any CPU.ActiveCfg = Release|Any CPU
		{84358DF5-106C-4792-91BF-C0402D19D7E1}.Release|Any CPU.Build.0 = Release|Any CPU
		{769D22DC-1B45-4058-86CC-0E618E5569D2}.Debug|Any CPU.ActiveCfg = Debug|Any CPU
		{769D22DC-1B45-4058-86CC-0E618E5569D2}.Debug|Any CPU.Build.0 = Debug|Any CPU
		{769D22DC-1B45-4058-86CC-0E618E5569D2}.Release|Any CPU.ActiveCfg = Release|Any CPU
		{769D22DC-1B45-4058-86CC-0E618E5569D2}.Release|Any CPU.Build.0 = Release|Any CPU
		{035191B1-C284-4DA4-8B2D-67F1A39B9061}.Debug|Any CPU.ActiveCfg = Debug|Any CPU
		{035191B1-C284-4DA4-8B2D-67F1A39B9061}.Debug|Any CPU.Build.0 = Debug|Any CPU
		{035191B1-C284-4DA4-8B2D-67F1A39B9061}.Release|Any CPU.ActiveCfg = Release|Any CPU
		{035191B1-C284-4DA4-8B2D-67F1A39B9061}.Release|Any CPU.Build.0 = Release|Any CPU
		{4F06B249-2CA2-4ACA-90DA-59A7B0CB6E44}.Debug|Any CPU.ActiveCfg = Debug|Any CPU
		{4F06B249-2CA2-4ACA-90DA-59A7B0CB6E44}.Debug|Any CPU.Build.0 = Debug|Any CPU
		{4F06B249-2CA2-4ACA-90DA-59A7B0CB6E44}.Release|Any CPU.ActiveCfg = Release|Any CPU
		{4F06B249-2CA2-4ACA-90DA-59A7B0CB6E44}.Release|Any CPU.Build.0 = Release|Any CPU
		{5607BC07-BC70-44EE-8EC5-E1684C2F32AA}.Debug|Any CPU.ActiveCfg = Debug|Any CPU
		{5607BC07-BC70-44EE-8EC5-E1684C2F32AA}.Debug|Any CPU.Build.0 = Debug|Any CPU
		{5607BC07-BC70-44EE-8EC5-E1684C2F32AA}.Release|Any CPU.ActiveCfg = Release|Any CPU
		{5607BC07-BC70-44EE-8EC5-E1684C2F32AA}.Release|Any CPU.Build.0 = Release|Any CPU
	EndGlobalSection
	GlobalSection(SolutionProperties) = preSolution
		HideSolutionNode = FALSE
	EndGlobalSection
	GlobalSection(NestedProjects) = preSolution
		{436426E2-1633-4845-AE35-A3A829A8C648} = {17C82726-B5E8-417F-9AEE-B52D8A76B138}
		{7FC6D489-A04E-449F-944D-D38991E3B1CE} = {436426E2-1633-4845-AE35-A3A829A8C648}
		{D8437D28-4B80-4F10-B931-7F74A10289AC} = {436426E2-1633-4845-AE35-A3A829A8C648}
		{51D0CD26-CB0E-4A8B-968F-800A22D20E8F} = {436426E2-1633-4845-AE35-A3A829A8C648}
		{7E671EDC-0492-4D14-BD75-2CC77E0DE45F} = {436426E2-1633-4845-AE35-A3A829A8C648}
		{67CB4E4A-8C2B-491B-A65B-D3DB664730D4} = {436426E2-1633-4845-AE35-A3A829A8C648}
		{083CE8A1-87F2-4DD2-9136-C12B4545A75E} = {17C82726-B5E8-417F-9AEE-B52D8A76B138}
		{685CD961-AF8F-4574-A182-A9AA94D22DF9} = {083CE8A1-87F2-4DD2-9136-C12B4545A75E}
		{649C8AD8-4F08-4821-BF04-80D54FD41D4A} = {BB78F647-F6C7-4DA9-B208-49620B5F9622}
		{ED477CFC-ACDA-46C8-A8CC-8A4AA1DA1CE8} = {BB78F647-F6C7-4DA9-B208-49620B5F9622}
		{84358DF5-106C-4792-91BF-C0402D19D7E1} = {BB78F647-F6C7-4DA9-B208-49620B5F9622}
		{769D22DC-1B45-4058-86CC-0E618E5569D2} = {BB78F647-F6C7-4DA9-B208-49620B5F9622}
		{035191B1-C284-4DA4-8B2D-67F1A39B9061} = {BB78F647-F6C7-4DA9-B208-49620B5F9622}
		{4F06B249-2CA2-4ACA-90DA-59A7B0CB6E44} = {BB78F647-F6C7-4DA9-B208-49620B5F9622}
		{5607BC07-BC70-44EE-8EC5-E1684C2F32AA} = {BB78F647-F6C7-4DA9-B208-49620B5F9622}
	EndGlobalSection
	GlobalSection(ExtensibilityGlobals) = postSolution
		SolutionGuid = {E0808428-CEB6-4BE7-8810-18595F525DEE}
	EndGlobalSection
EndGlobal
