
Microsoft Visual Studio Solution File, Format Version 12.00
# Visual Studio Version 16
VisualStudioVersion = 16.0.31129.286
MinimumVisualStudioVersion = 10.0.40219.1
Project("{9A19103F-16F7-4668-BE54-9A1E7A4F7556}") = "Bakery", "01.Bakery\Bakery\Bakery.csproj", "{CC6FEE96-229E-4048-A093-65E751353596}"
EndProject
Global
	GlobalSection(SolutionConfigurationPlatforms) = preSolution
		Debug|Any CPU = Debug|Any CPU
		Release|Any CPU = Release|Any CPU
	EndGlobalSection
	GlobalSection(ProjectConfigurationPlatforms) = postSolution
		{CC6FEE96-229E-4048-A093-65E751353596}.Debug|Any CPU.ActiveCfg = Debug|Any CPU
		{CC6FEE96-229E-4048-A093-65E751353596}.Debug|Any CPU.Build.0 = Debug|Any CPU
		{CC6FEE96-229E-4048-A093-65E751353596}.Release|Any CPU.ActiveCfg = Release|Any CPU
		{CC6FEE96-229E-4048-A093-65E751353596}.Release|Any CPU.Build.0 = Release|Any CPU
	EndGlobalSection
	GlobalSection(SolutionProperties) = preSolution
		HideSolutionNode = FALSE
	EndGlobalSection
	GlobalSection(ExtensibilityGlobals) = postSolution
		SolutionGuid = {9D9F1544-5692-4949-87B3-C3A2F1C93357}
	EndGlobalSection
EndGlobal
