
Microsoft Visual Studio Solution File, Format Version 12.00
# Visual Studio Version 16
VisualStudioVersion = 16.0.32106.194
MinimumVisualStudioVersion = 10.0.40219.1
Project("{FAE04EC0-301F-11D3-BF4B-00C04F79EFBC}") = "Student Verification System", "Student Verification System\Student Verification System.csproj", "{2FD4D029-BC1F-414D-84F5-1227A802CDC4}"
EndProject
Global
	GlobalSection(SolutionConfigurationPlatforms) = preSolution
		Debug|Any CPU = Debug|Any CPU
		Release|Any CPU = Release|Any CPU
	EndGlobalSection
	GlobalSection(ProjectConfigurationPlatforms) = postSolution
		{2FD4D029-BC1F-414D-84F5-1227A802CDC4}.Debug|Any CPU.ActiveCfg = Debug|Any CPU
		{2FD4D029-BC1F-414D-84F5-1227A802CDC4}.Debug|Any CPU.Build.0 = Debug|Any CPU
		{2FD4D029-BC1F-414D-84F5-1227A802CDC4}.Release|Any CPU.ActiveCfg = Release|Any CPU
		{2FD4D029-BC1F-414D-84F5-1227A802CDC4}.Release|Any CPU.Build.0 = Release|Any CPU
	EndGlobalSection
	GlobalSection(SolutionProperties) = preSolution
		HideSolutionNode = FALSE
	EndGlobalSection
	GlobalSection(ExtensibilityGlobals) = postSolution
		SolutionGuid = {7D8E2FEB-FDB7-497C-9F4B-1C2C533A4236}
	EndGlobalSection
EndGlobal
