
Microsoft Visual Studio Solution File, Format Version 12.00
# Visual Studio Version 16
VisualStudioVersion = 16.0.31129.286
MinimumVisualStudioVersion = 10.0.40219.1
Project("{9A19103F-16F7-4668-BE54-9A1E7A4F7556}") = "Parking", "Parking\Parking\Parking.csproj", "{1CA8FB1E-7200-4BE3-A43A-75B64E550E96}"
EndProject
Project("{FAE04EC0-301F-11D3-BF4B-00C04F79EFBC}") = "Bombs", "Bombs\Bombs.csproj", "{BFCC47E9-0B01-4C37-8C9C-05DD4B0E3A2F}"
EndProject
Project("{FAE04EC0-301F-11D3-BF4B-00C04F79EFBC}") = "Snake", "Snake\Snake.csproj", "{9AA00508-CA2B-4FE1-85AA-21F7C4A701BC}"
EndProject
Global
	GlobalSection(SolutionConfigurationPlatforms) = preSolution
		Debug|Any CPU = Debug|Any CPU
		Release|Any CPU = Release|Any CPU
	EndGlobalSection
	GlobalSection(ProjectConfigurationPlatforms) = postSolution
		{1CA8FB1E-7200-4BE3-A43A-75B64E550E96}.Debug|Any CPU.ActiveCfg = Debug|Any CPU
		{1CA8FB1E-7200-4BE3-A43A-75B64E550E96}.Debug|Any CPU.Build.0 = Debug|Any CPU
		{1CA8FB1E-7200-4BE3-A43A-75B64E550E96}.Release|Any CPU.ActiveCfg = Release|Any CPU
		{1CA8FB1E-7200-4BE3-A43A-75B64E550E96}.Release|Any CPU.Build.0 = Release|Any CPU
		{BFCC47E9-0B01-4C37-8C9C-05DD4B0E3A2F}.Debug|Any CPU.ActiveCfg = Debug|Any CPU
		{BFCC47E9-0B01-4C37-8C9C-05DD4B0E3A2F}.Debug|Any CPU.Build.0 = Debug|Any CPU
		{BFCC47E9-0B01-4C37-8C9C-05DD4B0E3A2F}.Release|Any CPU.ActiveCfg = Release|Any CPU
		{BFCC47E9-0B01-4C37-8C9C-05DD4B0E3A2F}.Release|Any CPU.Build.0 = Release|Any CPU
		{9AA00508-CA2B-4FE1-85AA-21F7C4A701BC}.Debug|Any CPU.ActiveCfg = Debug|Any CPU
		{9AA00508-CA2B-4FE1-85AA-21F7C4A701BC}.Debug|Any CPU.Build.0 = Debug|Any CPU
		{9AA00508-CA2B-4FE1-85AA-21F7C4A701BC}.Release|Any CPU.ActiveCfg = Release|Any CPU
		{9AA00508-CA2B-4FE1-85AA-21F7C4A701BC}.Release|Any CPU.Build.0 = Release|Any CPU
	EndGlobalSection
	GlobalSection(SolutionProperties) = preSolution
		HideSolutionNode = FALSE
	EndGlobalSection
	GlobalSection(ExtensibilityGlobals) = postSolution
		SolutionGuid = {6955280C-B36B-412C-8DE8-56B83C650870}
	EndGlobalSection
EndGlobal
