
Microsoft Visual Studio Solution File, Format Version 12.00
# Visual Studio Version 16
VisualStudioVersion = 16.0.30011.22
MinimumVisualStudioVersion = 10.0.40219.1
Project("{FAE04EC0-301F-11D3-BF4B-00C04F79EFBC}") = "DanceHall", "DanceHall\DanceHall.csproj", "{77D246F4-BD9F-47A5-AC18-4ADF1098AB0F}"
EndProject
Global
	GlobalSection(SolutionConfigurationPlatforms) = preSolution
		Debug|Any CPU = Debug|Any CPU
		Release|Any CPU = Release|Any CPU
	EndGlobalSection
	GlobalSection(ProjectConfigurationPlatforms) = postSolution
		{77D246F4-BD9F-47A5-AC18-4ADF1098AB0F}.Debug|Any CPU.ActiveCfg = Debug|Any CPU
		{77D246F4-BD9F-47A5-AC18-4ADF1098AB0F}.Debug|Any CPU.Build.0 = Debug|Any CPU
		{77D246F4-BD9F-47A5-AC18-4ADF1098AB0F}.Release|Any CPU.ActiveCfg = Release|Any CPU
		{77D246F4-BD9F-47A5-AC18-4ADF1098AB0F}.Release|Any CPU.Build.0 = Release|Any CPU
	EndGlobalSection
	GlobalSection(SolutionProperties) = preSolution
		HideSolutionNode = FALSE
	EndGlobalSection
	GlobalSection(ExtensibilityGlobals) = postSolution
		SolutionGuid = {5CF229B6-6FD3-45D9-B63D-61393A8B4272}
	EndGlobalSection
EndGlobal
