
Microsoft Visual Studio Solution File, Format Version 12.00
# Visual Studio Version 16
VisualStudioVersion = 16.0.30011.22
MinimumVisualStudioVersion = 10.0.40219.1
Project("{9A19103F-16F7-4668-BE54-9A1E7A4F7556}") = "Option 2", "Option 2\Option 2.csproj", "{DF621C56-5045-4A74-9A40-EB4C0F903AE8}"
EndProject
Project("{9A19103F-16F7-4668-BE54-9A1E7A4F7556}") = "Option 1", "Option 1\Option 1.csproj", "{97031D9C-DAF7-4E12-96D1-EB1096C5A23B}"
EndProject
Global
	GlobalSection(SolutionConfigurationPlatforms) = preSolution
		Debug|Any CPU = Debug|Any CPU
		Release|Any CPU = Release|Any CPU
	EndGlobalSection
	GlobalSection(ProjectConfigurationPlatforms) = postSolution
		{DF621C56-5045-4A74-9A40-EB4C0F903AE8}.Debug|Any CPU.ActiveCfg = Debug|Any CPU
		{DF621C56-5045-4A74-9A40-EB4C0F903AE8}.Debug|Any CPU.Build.0 = Debug|Any CPU
		{DF621C56-5045-4A74-9A40-EB4C0F903AE8}.Release|Any CPU.ActiveCfg = Release|Any CPU
		{DF621C56-5045-4A74-9A40-EB4C0F903AE8}.Release|Any CPU.Build.0 = Release|Any CPU
		{97031D9C-DAF7-4E12-96D1-EB1096C5A23B}.Debug|Any CPU.ActiveCfg = Debug|Any CPU
		{97031D9C-DAF7-4E12-96D1-EB1096C5A23B}.Debug|Any CPU.Build.0 = Debug|Any CPU
		{97031D9C-DAF7-4E12-96D1-EB1096C5A23B}.Release|Any CPU.ActiveCfg = Release|Any CPU
		{97031D9C-DAF7-4E12-96D1-EB1096C5A23B}.Release|Any CPU.Build.0 = Release|Any CPU
	EndGlobalSection
	GlobalSection(SolutionProperties) = preSolution
		HideSolutionNode = FALSE
	EndGlobalSection
	GlobalSection(ExtensibilityGlobals) = postSolution
		SolutionGuid = {364D223C-A0CC-403B-A642-1DDCF9D8263D}
	EndGlobalSection
EndGlobal
