
Microsoft Visual Studio Solution File, Format Version 12.00
# Visual Studio Version 16
VisualStudioVersion = 16.0.30011.22
MinimumVisualStudioVersion = 10.0.40219.1
Project("{FAE04EC0-301F-11D3-BF4B-00C04F79EFBC}") = "ATM", "ATM\ATM.csproj", "{23749C7F-E7D5-4962-BFF4-CDE36B51BE59}"
EndProject
Global
	GlobalSection(SolutionConfigurationPlatforms) = preSolution
		Debug|Any CPU = Debug|Any CPU
		Release|Any CPU = Release|Any CPU
	EndGlobalSection
	GlobalSection(ProjectConfigurationPlatforms) = postSolution
		{23749C7F-E7D5-4962-BFF4-CDE36B51BE59}.Debug|Any CPU.ActiveCfg = Debug|Any CPU
		{23749C7F-E7D5-4962-BFF4-CDE36B51BE59}.Debug|Any CPU.Build.0 = Debug|Any CPU
		{23749C7F-E7D5-4962-BFF4-CDE36B51BE59}.Release|Any CPU.ActiveCfg = Release|Any CPU
		{23749C7F-E7D5-4962-BFF4-CDE36B51BE59}.Release|Any CPU.Build.0 = Release|Any CPU
	EndGlobalSection
	GlobalSection(SolutionProperties) = preSolution
		HideSolutionNode = FALSE
	EndGlobalSection
	GlobalSection(ExtensibilityGlobals) = postSolution
		SolutionGuid = {CDC40839-DBCA-498C-BEB2-84C979B87EB7}
	EndGlobalSection
EndGlobal
