
Microsoft Visual Studio Solution File, Format Version 12.00
# Visual Studio Version 16
VisualStudioVersion = 16.0.31129.286
MinimumVisualStudioVersion = 10.0.40219.1
Project("{9A19103F-16F7-4668-BE54-9A1E7A4F7556}") = "BakeryOpenning", "BakeryOpenning\BakeryOpenning.csproj", "{E9CD73B3-99FA-45C6-AA54-FB63EEEDA17B}"
EndProject
Project("{FAE04EC0-301F-11D3-BF4B-00C04F79EFBC}") = "Cooking", "Cooking\Cooking.csproj", "{214CB620-1FBB-47A5-B808-BD3FC397397F}"
EndProject
Project("{FAE04EC0-301F-11D3-BF4B-00C04F79EFBC}") = "Selling", "Selling\Selling.csproj", "{4BF50E9C-A40B-456B-886A-A05404E866CA}"
EndProject
Global
	GlobalSection(SolutionConfigurationPlatforms) = preSolution
		Debug|Any CPU = Debug|Any CPU
		Release|Any CPU = Release|Any CPU
	EndGlobalSection
	GlobalSection(ProjectConfigurationPlatforms) = postSolution
		{E9CD73B3-99FA-45C6-AA54-FB63EEEDA17B}.Debug|Any CPU.ActiveCfg = Debug|Any CPU
		{E9CD73B3-99FA-45C6-AA54-FB63EEEDA17B}.Debug|Any CPU.Build.0 = Debug|Any CPU
		{E9CD73B3-99FA-45C6-AA54-FB63EEEDA17B}.Release|Any CPU.ActiveCfg = Release|Any CPU
		{E9CD73B3-99FA-45C6-AA54-FB63EEEDA17B}.Release|Any CPU.Build.0 = Release|Any CPU
		{214CB620-1FBB-47A5-B808-BD3FC397397F}.Debug|Any CPU.ActiveCfg = Debug|Any CPU
		{214CB620-1FBB-47A5-B808-BD3FC397397F}.Debug|Any CPU.Build.0 = Debug|Any CPU
		{214CB620-1FBB-47A5-B808-BD3FC397397F}.Release|Any CPU.ActiveCfg = Release|Any CPU
		{214CB620-1FBB-47A5-B808-BD3FC397397F}.Release|Any CPU.Build.0 = Release|Any CPU
		{4BF50E9C-A40B-456B-886A-A05404E866CA}.Debug|Any CPU.ActiveCfg = Debug|Any CPU
		{4BF50E9C-A40B-456B-886A-A05404E866CA}.Debug|Any CPU.Build.0 = Debug|Any CPU
		{4BF50E9C-A40B-456B-886A-A05404E866CA}.Release|Any CPU.ActiveCfg = Release|Any CPU
		{4BF50E9C-A40B-456B-886A-A05404E866CA}.Release|Any CPU.Build.0 = Release|Any CPU
	EndGlobalSection
	GlobalSection(SolutionProperties) = preSolution
		HideSolutionNode = FALSE
	EndGlobalSection
	GlobalSection(ExtensibilityGlobals) = postSolution
		SolutionGuid = {8895509A-CA4B-4202-BC8E-302155A55AD2}
	EndGlobalSection
EndGlobal
