
Microsoft Visual Studio Solution File, Format Version 12.00
# Visual Studio Version 16
VisualStudioVersion = 16.0.31005.135
MinimumVisualStudioVersion = 10.0.40219.1
Project("{FAE04EC0-301F-11D3-BF4B-00C04F79EFBC}") = "01.FlowerWreaths", "01.FlowerWreaths\01.FlowerWreaths.csproj", "{154F8298-7602-4A2E-A0B4-22D028579AEF}"
EndProject
Project("{FAE04EC0-301F-11D3-BF4B-00C04F79EFBC}") = "02.Bee", "02.Bee\02.Bee.csproj", "{7EE36B67-EBE2-4CBB-BB31-49F97F257F2F}"
EndProject
Global
	GlobalSection(SolutionConfigurationPlatforms) = preSolution
		Debug|Any CPU = Debug|Any CPU
		Release|Any CPU = Release|Any CPU
	EndGlobalSection
	GlobalSection(ProjectConfigurationPlatforms) = postSolution
		{154F8298-7602-4A2E-A0B4-22D028579AEF}.Debug|Any CPU.ActiveCfg = Debug|Any CPU
		{154F8298-7602-4A2E-A0B4-22D028579AEF}.Debug|Any CPU.Build.0 = Debug|Any CPU
		{154F8298-7602-4A2E-A0B4-22D028579AEF}.Release|Any CPU.ActiveCfg = Release|Any CPU
		{154F8298-7602-4A2E-A0B4-22D028579AEF}.Release|Any CPU.Build.0 = Release|Any CPU
		{7EE36B67-EBE2-4CBB-BB31-49F97F257F2F}.Debug|Any CPU.ActiveCfg = Debug|Any CPU
		{7EE36B67-EBE2-4CBB-BB31-49F97F257F2F}.Debug|Any CPU.Build.0 = Debug|Any CPU
		{7EE36B67-EBE2-4CBB-BB31-49F97F257F2F}.Release|Any CPU.ActiveCfg = Release|Any CPU
		{7EE36B67-EBE2-4CBB-BB31-49F97F257F2F}.Release|Any CPU.Build.0 = Release|Any CPU
	EndGlobalSection
	GlobalSection(SolutionProperties) = preSolution
		HideSolutionNode = FALSE
	EndGlobalSection
	GlobalSection(ExtensibilityGlobals) = postSolution
		SolutionGuid = {931A96AB-46C3-4335-956A-8C448C81E73F}
	EndGlobalSection
EndGlobal
