
Microsoft Visual Studio Solution File, Format Version 12.00
# Visual Studio Version 16
VisualStudioVersion = 16.0.30717.126
MinimumVisualStudioVersion = 10.0.40219.1
Project("{9A19103F-16F7-4668-BE54-9A1E7A4F7556}") = "01.PasswordReset", "01.PasswordReset\01.PasswordReset.csproj", "{4FA5BED5-AA79-45BC-9A43-E9A1489D5B9A}"
EndProject
Project("{9A19103F-16F7-4668-BE54-9A1E7A4F7556}") = "02.FancyBarcodes", "02.FancyBarcodes\02.FancyBarcodes.csproj", "{66FF87FD-D32B-49A4-987C-FEC8B54EA071}"
EndProject
Project("{FAE04EC0-301F-11D3-BF4B-00C04F79EFBC}") = "03.HeroesOfCodeAndLogicVII", "03.HeroesOfCodeAndLogicVII\03.HeroesOfCodeAndLogicVII.csproj", "{6C3B8D47-F6EA-45C0-843A-6FA18ADDCCBA}"
EndProject
Global
	GlobalSection(SolutionConfigurationPlatforms) = preSolution
		Debug|Any CPU = Debug|Any CPU
		Release|Any CPU = Release|Any CPU
	EndGlobalSection
	GlobalSection(ProjectConfigurationPlatforms) = postSolution
		{4FA5BED5-AA79-45BC-9A43-E9A1489D5B9A}.Debug|Any CPU.ActiveCfg = Debug|Any CPU
		{4FA5BED5-AA79-45BC-9A43-E9A1489D5B9A}.Debug|Any CPU.Build.0 = Debug|Any CPU
		{4FA5BED5-AA79-45BC-9A43-E9A1489D5B9A}.Release|Any CPU.ActiveCfg = Release|Any CPU
		{4FA5BED5-AA79-45BC-9A43-E9A1489D5B9A}.Release|Any CPU.Build.0 = Release|Any CPU
		{66FF87FD-D32B-49A4-987C-FEC8B54EA071}.Debug|Any CPU.ActiveCfg = Debug|Any CPU
		{66FF87FD-D32B-49A4-987C-FEC8B54EA071}.Debug|Any CPU.Build.0 = Debug|Any CPU
		{66FF87FD-D32B-49A4-987C-FEC8B54EA071}.Release|Any CPU.ActiveCfg = Release|Any CPU
		{66FF87FD-D32B-49A4-987C-FEC8B54EA071}.Release|Any CPU.Build.0 = Release|Any CPU
		{6C3B8D47-F6EA-45C0-843A-6FA18ADDCCBA}.Debug|Any CPU.ActiveCfg = Debug|Any CPU
		{6C3B8D47-F6EA-45C0-843A-6FA18ADDCCBA}.Debug|Any CPU.Build.0 = Debug|Any CPU
		{6C3B8D47-F6EA-45C0-843A-6FA18ADDCCBA}.Release|Any CPU.ActiveCfg = Release|Any CPU
		{6C3B8D47-F6EA-45C0-843A-6FA18ADDCCBA}.Release|Any CPU.Build.0 = Release|Any CPU
	EndGlobalSection
	GlobalSection(SolutionProperties) = preSolution
		HideSolutionNode = FALSE
	EndGlobalSection
	GlobalSection(ExtensibilityGlobals) = postSolution
		SolutionGuid = {A6ACF9DF-8829-4E68-A963-FEFF2CFE3651}
	EndGlobalSection
EndGlobal
