
Microsoft Visual Studio Solution File, Format Version 12.00
# Visual Studio Version 16
VisualStudioVersion = 16.0.30907.101
MinimumVisualStudioVersion = 10.0.40219.1
Project("{FAE04EC0-301F-11D3-BF4B-00C04F79EFBC}") = "CustomDoublyLinkedList", "CustomDoublyLinkedList\CustomDoublyLinkedList.csproj", "{2C09898A-7312-4405-B6E0-746470C495BB}"
EndProject
Global
	GlobalSection(SolutionConfigurationPlatforms) = preSolution
		Debug|Any CPU = Debug|Any CPU
		Release|Any CPU = Release|Any CPU
	EndGlobalSection
	GlobalSection(ProjectConfigurationPlatforms) = postSolution
		{2C09898A-7312-4405-B6E0-746470C495BB}.Debug|Any CPU.ActiveCfg = Debug|Any CPU
		{2C09898A-7312-4405-B6E0-746470C495BB}.Debug|Any CPU.Build.0 = Debug|Any CPU
		{2C09898A-7312-4405-B6E0-746470C495BB}.Release|Any CPU.ActiveCfg = Release|Any CPU
		{2C09898A-7312-4405-B6E0-746470C495BB}.Release|Any CPU.Build.0 = Release|Any CPU
	EndGlobalSection
	GlobalSection(SolutionProperties) = preSolution
		HideSolutionNode = FALSE
	EndGlobalSection
	GlobalSection(ExtensibilityGlobals) = postSolution
		SolutionGuid = {34BF18D4-09E9-4E3C-B2AD-66C95EF10214}
	EndGlobalSection
EndGlobal
