
Microsoft Visual Studio Solution File, Format Version 12.00
# Visual Studio Version 16
VisualStudioVersion = 16.0.31005.135
MinimumVisualStudioVersion = 10.0.40219.1
Project("{2150E333-8FDC-42A3-9474-1A3956D46DE8}") = "I.Recursion", "I.Recursion", "{91DD7D43-D379-4AD3-8A2A-B84CEC8585C2}"
EndProject
Project("{9A19103F-16F7-4668-BE54-9A1E7A4F7556}") = "RecursiveArraySum", "RecursiveArraySum\RecursiveArraySum.csproj", "{9232A631-84F3-43C6-BA6E-1679FFD95209}"
EndProject
Project("{9A19103F-16F7-4668-BE54-9A1E7A4F7556}") = "RecursiveFactorial", "RecursiveFactorial\RecursiveFactorial.csproj", "{964562D8-EC70-4978-AF69-FB3B7A1768D1}"
EndProject
Project("{2150E333-8FDC-42A3-9474-1A3956D46DE8}") = "II.GreedyAlgorithms", "II.GreedyAlgorithms", "{8FE50A22-296B-4F06-B123-AD16BB3A431E}"
EndProject
Project("{2150E333-8FDC-42A3-9474-1A3956D46DE8}") = "III.SimpleSortingAlgorithms", "III.SimpleSortingAlgorithms", "{40312F0E-02CA-4366-BC98-F240747CF416}"
EndProject
Project("{2150E333-8FDC-42A3-9474-1A3956D46DE8}") = "IV.SearchingAlgorothms", "IV.SearchingAlgorothms", "{A3479CF4-C643-48C8-9224-CCD541426DD2}"
EndProject
Project("{FAE04EC0-301F-11D3-BF4B-00C04F79EFBC}") = "SumOfCoins", "SumOfCoins\SumOfCoins.csproj", "{FD8A6254-4CA0-4516-A475-9E1C219ED3DA}"
EndProject
Project("{FAE04EC0-301F-11D3-BF4B-00C04F79EFBC}") = "SetCover", "SetCover\SetCover.csproj", "{909541FC-F819-4F7F-9D70-2CB2B3D4604A}"
EndProject
Project("{FAE04EC0-301F-11D3-BF4B-00C04F79EFBC}") = "MergeSort", "MergeSort\MergeSort.csproj", "{F8DDD5B9-FAB6-4526-BAB2-9A185F98508F}"
EndProject
Project("{FAE04EC0-301F-11D3-BF4B-00C04F79EFBC}") = "Quicksort", "Quicksort\Quicksort.csproj", "{67AD6D78-5473-4D1F-8CE9-80F122BCFCB7}"
EndProject
Project("{FAE04EC0-301F-11D3-BF4B-00C04F79EFBC}") = "BinarySearch", "BinarySearch\BinarySearch.csproj", "{EEF81A34-A55A-4BDD-8B55-5C6F34C56A57}"
EndProject
Global
	GlobalSection(SolutionConfigurationPlatforms) = preSolution
		Debug|Any CPU = Debug|Any CPU
		Release|Any CPU = Release|Any CPU
	EndGlobalSection
	GlobalSection(ProjectConfigurationPlatforms) = postSolution
		{9232A631-84F3-43C6-BA6E-1679FFD95209}.Debug|Any CPU.ActiveCfg = Debug|Any CPU
		{9232A631-84F3-43C6-BA6E-1679FFD95209}.Debug|Any CPU.Build.0 = Debug|Any CPU
		{9232A631-84F3-43C6-BA6E-1679FFD95209}.Release|Any CPU.ActiveCfg = Release|Any CPU
		{9232A631-84F3-43C6-BA6E-1679FFD95209}.Release|Any CPU.Build.0 = Release|Any CPU
		{964562D8-EC70-4978-AF69-FB3B7A1768D1}.Debug|Any CPU.ActiveCfg = Debug|Any CPU
		{964562D8-EC70-4978-AF69-FB3B7A1768D1}.Debug|Any CPU.Build.0 = Debug|Any CPU
		{964562D8-EC70-4978-AF69-FB3B7A1768D1}.Release|Any CPU.ActiveCfg = Release|Any CPU
		{964562D8-EC70-4978-AF69-FB3B7A1768D1}.Release|Any CPU.Build.0 = Release|Any CPU
		{FD8A6254-4CA0-4516-A475-9E1C219ED3DA}.Debug|Any CPU.ActiveCfg = Debug|Any CPU
		{FD8A6254-4CA0-4516-A475-9E1C219ED3DA}.Debug|Any CPU.Build.0 = Debug|Any CPU
		{FD8A6254-4CA0-4516-A475-9E1C219ED3DA}.Release|Any CPU.ActiveCfg = Release|Any CPU
		{FD8A6254-4CA0-4516-A475-9E1C219ED3DA}.Release|Any CPU.Build.0 = Release|Any CPU
		{909541FC-F819-4F7F-9D70-2CB2B3D4604A}.Debug|Any CPU.ActiveCfg = Debug|Any CPU
		{909541FC-F819-4F7F-9D70-2CB2B3D4604A}.Debug|Any CPU.Build.0 = Debug|Any CPU
		{909541FC-F819-4F7F-9D70-2CB2B3D4604A}.Release|Any CPU.ActiveCfg = Release|Any CPU
		{909541FC-F819-4F7F-9D70-2CB2B3D4604A}.Release|Any CPU.Build.0 = Release|Any CPU
		{F8DDD5B9-FAB6-4526-BAB2-9A185F98508F}.Debug|Any CPU.ActiveCfg = Debug|Any CPU
		{F8DDD5B9-FAB6-4526-BAB2-9A185F98508F}.Debug|Any CPU.Build.0 = Debug|Any CPU
		{F8DDD5B9-FAB6-4526-BAB2-9A185F98508F}.Release|Any CPU.ActiveCfg = Release|Any CPU
		{F8DDD5B9-FAB6-4526-BAB2-9A185F98508F}.Release|Any CPU.Build.0 = Release|Any CPU
		{67AD6D78-5473-4D1F-8CE9-80F122BCFCB7}.Debug|Any CPU.ActiveCfg = Debug|Any CPU
		{67AD6D78-5473-4D1F-8CE9-80F122BCFCB7}.Debug|Any CPU.Build.0 = Debug|Any CPU
		{67AD6D78-5473-4D1F-8CE9-80F122BCFCB7}.Release|Any CPU.ActiveCfg = Release|Any CPU
		{67AD6D78-5473-4D1F-8CE9-80F122BCFCB7}.Release|Any CPU.Build.0 = Release|Any CPU
		{EEF81A34-A55A-4BDD-8B55-5C6F34C56A57}.Debug|Any CPU.ActiveCfg = Debug|Any CPU
		{EEF81A34-A55A-4BDD-8B55-5C6F34C56A57}.Debug|Any CPU.Build.0 = Debug|Any CPU
		{EEF81A34-A55A-4BDD-8B55-5C6F34C56A57}.Release|Any CPU.ActiveCfg = Release|Any CPU
		{EEF81A34-A55A-4BDD-8B55-5C6F34C56A57}.Release|Any CPU.Build.0 = Release|Any CPU
	EndGlobalSection
	GlobalSection(SolutionProperties) = preSolution
		HideSolutionNode = FALSE
	EndGlobalSection
	GlobalSection(NestedProjects) = preSolution
		{9232A631-84F3-43C6-BA6E-1679FFD95209} = {91DD7D43-D379-4AD3-8A2A-B84CEC8585C2}
		{964562D8-EC70-4978-AF69-FB3B7A1768D1} = {91DD7D43-D379-4AD3-8A2A-B84CEC8585C2}
		{FD8A6254-4CA0-4516-A475-9E1C219ED3DA} = {8FE50A22-296B-4F06-B123-AD16BB3A431E}
		{909541FC-F819-4F7F-9D70-2CB2B3D4604A} = {8FE50A22-296B-4F06-B123-AD16BB3A431E}
		{F8DDD5B9-FAB6-4526-BAB2-9A185F98508F} = {40312F0E-02CA-4366-BC98-F240747CF416}
		{67AD6D78-5473-4D1F-8CE9-80F122BCFCB7} = {40312F0E-02CA-4366-BC98-F240747CF416}
		{EEF81A34-A55A-4BDD-8B55-5C6F34C56A57} = {A3479CF4-C643-48C8-9224-CCD541426DD2}
	EndGlobalSection
	GlobalSection(ExtensibilityGlobals) = postSolution
		SolutionGuid = {2942671C-0EB1-4F09-AAF3-B8D0EE7755DD}
	EndGlobalSection
EndGlobal
