
Microsoft Visual Studio Solution File, Format Version 12.00
# Visual Studio Version 16
VisualStudioVersion = 16.0.30717.126
MinimumVisualStudioVersion = 10.0.40219.1
Project("{FAE04EC0-301F-11D3-BF4B-00C04F79EFBC}") = "01.Problem", "01.Problem\01.Problem.csproj", "{AA87C986-B0E3-4057-B138-4ED16DB2F626}"
EndProject
Project("{FAE04EC0-301F-11D3-BF4B-00C04F79EFBC}") = "02.Problem", "02.Problem\02.Problem.csproj", "{90E7BBD6-E710-41D8-97B6-755C13EF2EB6}"
EndProject
Project("{FAE04EC0-301F-11D3-BF4B-00C04F79EFBC}") = "03.Problem", "03.Problem\03.Problem.csproj", "{456A04FC-EEEC-48E9-82EE-3672F2433523}"
EndProject
Global
	GlobalSection(SolutionConfigurationPlatforms) = preSolution
		Debug|Any CPU = Debug|Any CPU
		Release|Any CPU = Release|Any CPU
	EndGlobalSection
	GlobalSection(ProjectConfigurationPlatforms) = postSolution
		{AA87C986-B0E3-4057-B138-4ED16DB2F626}.Debug|Any CPU.ActiveCfg = Debug|Any CPU
		{AA87C986-B0E3-4057-B138-4ED16DB2F626}.Debug|Any CPU.Build.0 = Debug|Any CPU
		{AA87C986-B0E3-4057-B138-4ED16DB2F626}.Release|Any CPU.ActiveCfg = Release|Any CPU
		{AA87C986-B0E3-4057-B138-4ED16DB2F626}.Release|Any CPU.Build.0 = Release|Any CPU
		{90E7BBD6-E710-41D8-97B6-755C13EF2EB6}.Debug|Any CPU.ActiveCfg = Debug|Any CPU
		{90E7BBD6-E710-41D8-97B6-755C13EF2EB6}.Debug|Any CPU.Build.0 = Debug|Any CPU
		{90E7BBD6-E710-41D8-97B6-755C13EF2EB6}.Release|Any CPU.ActiveCfg = Release|Any CPU
		{90E7BBD6-E710-41D8-97B6-755C13EF2EB6}.Release|Any CPU.Build.0 = Release|Any CPU
		{456A04FC-EEEC-48E9-82EE-3672F2433523}.Debug|Any CPU.ActiveCfg = Debug|Any CPU
		{456A04FC-EEEC-48E9-82EE-3672F2433523}.Debug|Any CPU.Build.0 = Debug|Any CPU
		{456A04FC-EEEC-48E9-82EE-3672F2433523}.Release|Any CPU.ActiveCfg = Release|Any CPU
		{456A04FC-EEEC-48E9-82EE-3672F2433523}.Release|Any CPU.Build.0 = Release|Any CPU
	EndGlobalSection
	GlobalSection(SolutionProperties) = preSolution
		HideSolutionNode = FALSE
	EndGlobalSection
	GlobalSection(ExtensibilityGlobals) = postSolution
		SolutionGuid = {7AF230B4-A8AD-4F02-85A4-0BCB5E3BB619}
	EndGlobalSection
EndGlobal
