
Microsoft Visual Studio Solution File, Format Version 12.00
# Visual Studio Version 16
VisualStudioVersion = 16.0.30104.148
MinimumVisualStudioVersion = 10.0.40219.1
Project("{2150E333-8FDC-42A3-9474-1A3956D46DE8}") = "I. Associative Arrays", "I. Associative Arrays", "{2D19F3A3-77DE-4EEB-BFC6-4F51E76AC220}"
EndProject
Project("{2150E333-8FDC-42A3-9474-1A3956D46DE8}") = "I. Lab", "I. Lab", "{776F2B27-618D-4640-82A8-CB21F1EEB819}"
EndProject
Project("{9A19103F-16F7-4668-BE54-9A1E7A4F7556}") = "CountRealNumbers", "CountRealNumbers\CountRealNumbers.csproj", "{3C90FE7F-7F11-42FB-9BA2-E7109FCFA0FE}"
EndProject
Project("{9A19103F-16F7-4668-BE54-9A1E7A4F7556}") = "OddOccurrences", "OddOccurrences\OddOccurrences.csproj", "{6BAC4128-AD4D-4DA8-BFDD-B38001C19775}"
EndProject
Project("{9A19103F-16F7-4668-BE54-9A1E7A4F7556}") = "WordSynonyms", "WordSynonyms\WordSynonyms.csproj", "{0FDFD7B1-1126-40BA-8D84-2AFE0C7D7AA7}"
EndProject
Project("{2150E333-8FDC-42A3-9474-1A3956D46DE8}") = "II. LINQ", "II. LINQ", "{9ECF7A21-A923-440C-82F8-BD1DB1D9F2C4}"
EndProject
Project("{9A19103F-16F7-4668-BE54-9A1E7A4F7556}") = "Largest3Numbers", "Largest3Numbers\Largest3Numbers.csproj", "{774B9F3F-33A5-4622-9837-2D2E1956D294}"
EndProject
Project("{9A19103F-16F7-4668-BE54-9A1E7A4F7556}") = "WordFilter", "WordFilter\WordFilter.csproj", "{17F90696-B24B-44A3-9301-CD33E031052A}"
EndProject
Project("{2150E333-8FDC-42A3-9474-1A3956D46DE8}") = "II. Exercise", "II. Exercise", "{6CBD3CB6-7051-41EC-B938-944E2153BF35}"
EndProject
Project("{9A19103F-16F7-4668-BE54-9A1E7A4F7556}") = "CountCharsInAString", "CountCharsInAString\CountCharsInAString.csproj", "{7AE8EC92-3B6A-4E9A-9C17-720340E796BA}"
EndProject
Project("{9A19103F-16F7-4668-BE54-9A1E7A4F7556}") = "AMinerTask", "AMinerTask\AMinerTask.csproj", "{35BFE65D-7275-4718-9D03-E63CECA601F4}"
EndProject
Project("{9A19103F-16F7-4668-BE54-9A1E7A4F7556}") = "LegendaryFarming", "LegendaryFarming\LegendaryFarming.csproj", "{51B5AA90-1548-4209-8075-E3A011CDA478}"
EndProject
Project("{9A19103F-16F7-4668-BE54-9A1E7A4F7556}") = "Orders", "Orders\Orders.csproj", "{C2DE4780-A6A2-4919-8BD7-BA67A42428D8}"
EndProject
Project("{9A19103F-16F7-4668-BE54-9A1E7A4F7556}") = "SoftUniParking", "SoftUniParking\SoftUniParking.csproj", "{F1F0E3F5-DBAA-49F0-A20D-E494CAFDDC96}"
EndProject
Project("{9A19103F-16F7-4668-BE54-9A1E7A4F7556}") = "Courses", "Courses\Courses.csproj", "{8173C429-972D-4774-98B0-0DDF40F19831}"
EndProject
Project("{9A19103F-16F7-4668-BE54-9A1E7A4F7556}") = "StudentAcademy", "StudentAcademy\StudentAcademy.csproj", "{80AA3844-9455-46C7-AC12-11E335C05529}"
EndProject
Project("{9A19103F-16F7-4668-BE54-9A1E7A4F7556}") = "CompanyUsers", "CompanyUsers\CompanyUsers.csproj", "{2990B006-1FF7-4C30-99A8-75022CD1E7BC}"
EndProject
Project("{9A19103F-16F7-4668-BE54-9A1E7A4F7556}") = "ForceBook", "ForceBook\ForceBook.csproj", "{294E6ED5-DD8B-46B3-9A56-C243A0D65725}"
EndProject
Project("{9A19103F-16F7-4668-BE54-9A1E7A4F7556}") = "SoftUniExamResults", "SoftUniExamResults\SoftUniExamResults.csproj", "{8B5F8F98-7352-43E7-A138-95D150C877E0}"
EndProject
Project("{9A19103F-16F7-4668-BE54-9A1E7A4F7556}") = "DragonArmy", "DragonArmy\DragonArmy.csproj", "{472677B2-4D8C-4288-BA65-53A48A15615B}"
EndProject
Project("{9A19103F-16F7-4668-BE54-9A1E7A4F7556}") = "Snowwhite", "Snowwhite\Snowwhite.csproj", "{205F9922-7C42-4E9C-A4E3-7F50D369E4D3}"
EndProject
Project("{FAE04EC0-301F-11D3-BF4B-00C04F79EFBC}") = "Judge", "Judge\Judge.csproj", "{3679BC36-3F82-4F60-8FD9-9398E06D651F}"
EndProject
Project("{FAE04EC0-301F-11D3-BF4B-00C04F79EFBC}") = "Ranking", "Ranking\Ranking.csproj", "{426201A1-937F-4254-A445-D28AAC74CD32}"
EndProject
Project("{FAE04EC0-301F-11D3-BF4B-00C04F79EFBC}") = "MOBA_Challenger", "MOBA_Challenger\MOBA_Challenger.csproj", "{5F132F69-ABAB-4280-B536-8ECF3DAFD610}"
EndProject
Global
	GlobalSection(SolutionConfigurationPlatforms) = preSolution
		Debug|Any CPU = Debug|Any CPU
		Release|Any CPU = Release|Any CPU
	EndGlobalSection
	GlobalSection(ProjectConfigurationPlatforms) = postSolution
		{3C90FE7F-7F11-42FB-9BA2-E7109FCFA0FE}.Debug|Any CPU.ActiveCfg = Debug|Any CPU
		{3C90FE7F-7F11-42FB-9BA2-E7109FCFA0FE}.Debug|Any CPU.Build.0 = Debug|Any CPU
		{3C90FE7F-7F11-42FB-9BA2-E7109FCFA0FE}.Release|Any CPU.ActiveCfg = Release|Any CPU
		{3C90FE7F-7F11-42FB-9BA2-E7109FCFA0FE}.Release|Any CPU.Build.0 = Release|Any CPU
		{6BAC4128-AD4D-4DA8-BFDD-B38001C19775}.Debug|Any CPU.ActiveCfg = Debug|Any CPU
		{6BAC4128-AD4D-4DA8-BFDD-B38001C19775}.Debug|Any CPU.Build.0 = Debug|Any CPU
		{6BAC4128-AD4D-4DA8-BFDD-B38001C19775}.Release|Any CPU.ActiveCfg = Release|Any CPU
		{6BAC4128-AD4D-4DA8-BFDD-B38001C19775}.Release|Any CPU.Build.0 = Release|Any CPU
		{0FDFD7B1-1126-40BA-8D84-2AFE0C7D7AA7}.Debug|Any CPU.ActiveCfg = Debug|Any CPU
		{0FDFD7B1-1126-40BA-8D84-2AFE0C7D7AA7}.Debug|Any CPU.Build.0 = Debug|Any CPU
		{0FDFD7B1-1126-40BA-8D84-2AFE0C7D7AA7}.Release|Any CPU.ActiveCfg = Release|Any CPU
		{0FDFD7B1-1126-40BA-8D84-2AFE0C7D7AA7}.Release|Any CPU.Build.0 = Release|Any CPU
		{774B9F3F-33A5-4622-9837-2D2E1956D294}.Debug|Any CPU.ActiveCfg = Debug|Any CPU
		{774B9F3F-33A5-4622-9837-2D2E1956D294}.Debug|Any CPU.Build.0 = Debug|Any CPU
		{774B9F3F-33A5-4622-9837-2D2E1956D294}.Release|Any CPU.ActiveCfg = Release|Any CPU
		{774B9F3F-33A5-4622-9837-2D2E1956D294}.Release|Any CPU.Build.0 = Release|Any CPU
		{17F90696-B24B-44A3-9301-CD33E031052A}.Debug|Any CPU.ActiveCfg = Debug|Any CPU
		{17F90696-B24B-44A3-9301-CD33E031052A}.Debug|Any CPU.Build.0 = Debug|Any CPU
		{17F90696-B24B-44A3-9301-CD33E031052A}.Release|Any CPU.ActiveCfg = Release|Any CPU
		{17F90696-B24B-44A3-9301-CD33E031052A}.Release|Any CPU.Build.0 = Release|Any CPU
		{7AE8EC92-3B6A-4E9A-9C17-720340E796BA}.Debug|Any CPU.ActiveCfg = Debug|Any CPU
		{7AE8EC92-3B6A-4E9A-9C17-720340E796BA}.Debug|Any CPU.Build.0 = Debug|Any CPU
		{7AE8EC92-3B6A-4E9A-9C17-720340E796BA}.Release|Any CPU.ActiveCfg = Release|Any CPU
		{7AE8EC92-3B6A-4E9A-9C17-720340E796BA}.Release|Any CPU.Build.0 = Release|Any CPU
		{35BFE65D-7275-4718-9D03-E63CECA601F4}.Debug|Any CPU.ActiveCfg = Debug|Any CPU
		{35BFE65D-7275-4718-9D03-E63CECA601F4}.Debug|Any CPU.Build.0 = Debug|Any CPU
		{35BFE65D-7275-4718-9D03-E63CECA601F4}.Release|Any CPU.ActiveCfg = Release|Any CPU
		{35BFE65D-7275-4718-9D03-E63CECA601F4}.Release|Any CPU.Build.0 = Release|Any CPU
		{51B5AA90-1548-4209-8075-E3A011CDA478}.Debug|Any CPU.ActiveCfg = Debug|Any CPU
		{51B5AA90-1548-4209-8075-E3A011CDA478}.Debug|Any CPU.Build.0 = Debug|Any CPU
		{51B5AA90-1548-4209-8075-E3A011CDA478}.Release|Any CPU.ActiveCfg = Release|Any CPU
		{51B5AA90-1548-4209-8075-E3A011CDA478}.Release|Any CPU.Build.0 = Release|Any CPU
		{C2DE4780-A6A2-4919-8BD7-BA67A42428D8}.Debug|Any CPU.ActiveCfg = Debug|Any CPU
		{C2DE4780-A6A2-4919-8BD7-BA67A42428D8}.Debug|Any CPU.Build.0 = Debug|Any CPU
		{C2DE4780-A6A2-4919-8BD7-BA67A42428D8}.Release|Any CPU.ActiveCfg = Release|Any CPU
		{C2DE4780-A6A2-4919-8BD7-BA67A42428D8}.Release|Any CPU.Build.0 = Release|Any CPU
		{F1F0E3F5-DBAA-49F0-A20D-E494CAFDDC96}.Debug|Any CPU.ActiveCfg = Debug|Any CPU
		{F1F0E3F5-DBAA-49F0-A20D-E494CAFDDC96}.Debug|Any CPU.Build.0 = Debug|Any CPU
		{F1F0E3F5-DBAA-49F0-A20D-E494CAFDDC96}.Release|Any CPU.ActiveCfg = Release|Any CPU
		{F1F0E3F5-DBAA-49F0-A20D-E494CAFDDC96}.Release|Any CPU.Build.0 = Release|Any CPU
		{8173C429-972D-4774-98B0-0DDF40F19831}.Debug|Any CPU.ActiveCfg = Debug|Any CPU
		{8173C429-972D-4774-98B0-0DDF40F19831}.Debug|Any CPU.Build.0 = Debug|Any CPU
		{8173C429-972D-4774-98B0-0DDF40F19831}.Release|Any CPU.ActiveCfg = Release|Any CPU
		{8173C429-972D-4774-98B0-0DDF40F19831}.Release|Any CPU.Build.0 = Release|Any CPU
		{80AA3844-9455-46C7-AC12-11E335C05529}.Debug|Any CPU.ActiveCfg = Debug|Any CPU
		{80AA3844-9455-46C7-AC12-11E335C05529}.Debug|Any CPU.Build.0 = Debug|Any CPU
		{80AA3844-9455-46C7-AC12-11E335C05529}.Release|Any CPU.ActiveCfg = Release|Any CPU
		{80AA3844-9455-46C7-AC12-11E335C05529}.Release|Any CPU.Build.0 = Release|Any CPU
		{2990B006-1FF7-4C30-99A8-75022CD1E7BC}.Debug|Any CPU.ActiveCfg = Debug|Any CPU
		{2990B006-1FF7-4C30-99A8-75022CD1E7BC}.Debug|Any CPU.Build.0 = Debug|Any CPU
		{2990B006-1FF7-4C30-99A8-75022CD1E7BC}.Release|Any CPU.ActiveCfg = Release|Any CPU
		{2990B006-1FF7-4C30-99A8-75022CD1E7BC}.Release|Any CPU.Build.0 = Release|Any CPU
		{294E6ED5-DD8B-46B3-9A56-C243A0D65725}.Debug|Any CPU.ActiveCfg = Debug|Any CPU
		{294E6ED5-DD8B-46B3-9A56-C243A0D65725}.Debug|Any CPU.Build.0 = Debug|Any CPU
		{294E6ED5-DD8B-46B3-9A56-C243A0D65725}.Release|Any CPU.ActiveCfg = Release|Any CPU
		{294E6ED5-DD8B-46B3-9A56-C243A0D65725}.Release|Any CPU.Build.0 = Release|Any CPU
		{8B5F8F98-7352-43E7-A138-95D150C877E0}.Debug|Any CPU.ActiveCfg = Debug|Any CPU
		{8B5F8F98-7352-43E7-A138-95D150C877E0}.Debug|Any CPU.Build.0 = Debug|Any CPU
		{8B5F8F98-7352-43E7-A138-95D150C877E0}.Release|Any CPU.ActiveCfg = Release|Any CPU
		{8B5F8F98-7352-43E7-A138-95D150C877E0}.Release|Any CPU.Build.0 = Release|Any CPU
		{472677B2-4D8C-4288-BA65-53A48A15615B}.Debug|Any CPU.ActiveCfg = Debug|Any CPU
		{472677B2-4D8C-4288-BA65-53A48A15615B}.Debug|Any CPU.Build.0 = Debug|Any CPU
		{472677B2-4D8C-4288-BA65-53A48A15615B}.Release|Any CPU.ActiveCfg = Release|Any CPU
		{472677B2-4D8C-4288-BA65-53A48A15615B}.Release|Any CPU.Build.0 = Release|Any CPU
		{205F9922-7C42-4E9C-A4E3-7F50D369E4D3}.Debug|Any CPU.ActiveCfg = Debug|Any CPU
		{205F9922-7C42-4E9C-A4E3-7F50D369E4D3}.Debug|Any CPU.Build.0 = Debug|Any CPU
		{205F9922-7C42-4E9C-A4E3-7F50D369E4D3}.Release|Any CPU.ActiveCfg = Release|Any CPU
		{205F9922-7C42-4E9C-A4E3-7F50D369E4D3}.Release|Any CPU.Build.0 = Release|Any CPU
		{3679BC36-3F82-4F60-8FD9-9398E06D651F}.Debug|Any CPU.ActiveCfg = Debug|Any CPU
		{3679BC36-3F82-4F60-8FD9-9398E06D651F}.Debug|Any CPU.Build.0 = Debug|Any CPU
		{3679BC36-3F82-4F60-8FD9-9398E06D651F}.Release|Any CPU.ActiveCfg = Release|Any CPU
		{3679BC36-3F82-4F60-8FD9-9398E06D651F}.Release|Any CPU.Build.0 = Release|Any CPU
		{426201A1-937F-4254-A445-D28AAC74CD32}.Debug|Any CPU.ActiveCfg = Debug|Any CPU
		{426201A1-937F-4254-A445-D28AAC74CD32}.Debug|Any CPU.Build.0 = Debug|Any CPU
		{426201A1-937F-4254-A445-D28AAC74CD32}.Release|Any CPU.ActiveCfg = Release|Any CPU
		{426201A1-937F-4254-A445-D28AAC74CD32}.Release|Any CPU.Build.0 = Release|Any CPU
		{5F132F69-ABAB-4280-B536-8ECF3DAFD610}.Debug|Any CPU.ActiveCfg = Debug|Any CPU
		{5F132F69-ABAB-4280-B536-8ECF3DAFD610}.Debug|Any CPU.Build.0 = Debug|Any CPU
		{5F132F69-ABAB-4280-B536-8ECF3DAFD610}.Release|Any CPU.ActiveCfg = Release|Any CPU
		{5F132F69-ABAB-4280-B536-8ECF3DAFD610}.Release|Any CPU.Build.0 = Release|Any CPU
	EndGlobalSection
	GlobalSection(SolutionProperties) = preSolution
		HideSolutionNode = FALSE
	EndGlobalSection
	GlobalSection(NestedProjects) = preSolution
		{2D19F3A3-77DE-4EEB-BFC6-4F51E76AC220} = {776F2B27-618D-4640-82A8-CB21F1EEB819}
		{3C90FE7F-7F11-42FB-9BA2-E7109FCFA0FE} = {2D19F3A3-77DE-4EEB-BFC6-4F51E76AC220}
		{6BAC4128-AD4D-4DA8-BFDD-B38001C19775} = {2D19F3A3-77DE-4EEB-BFC6-4F51E76AC220}
		{0FDFD7B1-1126-40BA-8D84-2AFE0C7D7AA7} = {2D19F3A3-77DE-4EEB-BFC6-4F51E76AC220}
		{9ECF7A21-A923-440C-82F8-BD1DB1D9F2C4} = {776F2B27-618D-4640-82A8-CB21F1EEB819}
		{774B9F3F-33A5-4622-9837-2D2E1956D294} = {9ECF7A21-A923-440C-82F8-BD1DB1D9F2C4}
		{17F90696-B24B-44A3-9301-CD33E031052A} = {9ECF7A21-A923-440C-82F8-BD1DB1D9F2C4}
		{7AE8EC92-3B6A-4E9A-9C17-720340E796BA} = {6CBD3CB6-7051-41EC-B938-944E2153BF35}
		{35BFE65D-7275-4718-9D03-E63CECA601F4} = {6CBD3CB6-7051-41EC-B938-944E2153BF35}
		{51B5AA90-1548-4209-8075-E3A011CDA478} = {6CBD3CB6-7051-41EC-B938-944E2153BF35}
		{C2DE4780-A6A2-4919-8BD7-BA67A42428D8} = {6CBD3CB6-7051-41EC-B938-944E2153BF35}
		{F1F0E3F5-DBAA-49F0-A20D-E494CAFDDC96} = {6CBD3CB6-7051-41EC-B938-944E2153BF35}
		{8173C429-972D-4774-98B0-0DDF40F19831} = {6CBD3CB6-7051-41EC-B938-944E2153BF35}
		{80AA3844-9455-46C7-AC12-11E335C05529} = {6CBD3CB6-7051-41EC-B938-944E2153BF35}
		{2990B006-1FF7-4C30-99A8-75022CD1E7BC} = {6CBD3CB6-7051-41EC-B938-944E2153BF35}
		{294E6ED5-DD8B-46B3-9A56-C243A0D65725} = {6CBD3CB6-7051-41EC-B938-944E2153BF35}
		{8B5F8F98-7352-43E7-A138-95D150C877E0} = {6CBD3CB6-7051-41EC-B938-944E2153BF35}
		{472677B2-4D8C-4288-BA65-53A48A15615B} = {6CBD3CB6-7051-41EC-B938-944E2153BF35}
		{205F9922-7C42-4E9C-A4E3-7F50D369E4D3} = {6CBD3CB6-7051-41EC-B938-944E2153BF35}
		{3679BC36-3F82-4F60-8FD9-9398E06D651F} = {6CBD3CB6-7051-41EC-B938-944E2153BF35}
		{426201A1-937F-4254-A445-D28AAC74CD32} = {6CBD3CB6-7051-41EC-B938-944E2153BF35}
		{5F132F69-ABAB-4280-B536-8ECF3DAFD610} = {6CBD3CB6-7051-41EC-B938-944E2153BF35}
	EndGlobalSection
	GlobalSection(ExtensibilityGlobals) = postSolution
		SolutionGuid = {2DC4304B-26A4-4CD1-BF40-80A9F2D52F89}
	EndGlobalSection
EndGlobal
